
Microsoft Visual Studio Solution File, Format Version 12.00
# Visual Studio Version 17
VisualStudioVersion = 17.8.34601.278
MinimumVisualStudioVersion = 10.0.40219.1
Project("{FAE04EC0-301F-11D3-BF4B-00C04F79EFBC}") = "paroimparwf", "paroimparwf\paroimparwf.csproj", "{3BF74138-E8FD-45AD-94D2-1D6F6A83406E}"
EndProject
Global
	GlobalSection(SolutionConfigurationPlatforms) = preSolution
		Debug|Any CPU = Debug|Any CPU
		Release|Any CPU = Release|Any CPU
	EndGlobalSection
	GlobalSection(ProjectConfigurationPlatforms) = postSolution
		{3BF74138-E8FD-45AD-94D2-1D6F6A83406E}.Debug|Any CPU.ActiveCfg = Debug|Any CPU
		{3BF74138-E8FD-45AD-94D2-1D6F6A83406E}.Debug|Any CPU.Build.0 = Debug|Any CPU
		{3BF74138-E8FD-45AD-94D2-1D6F6A83406E}.Release|Any CPU.ActiveCfg = Release|Any CPU
		{3BF74138-E8FD-45AD-94D2-1D6F6A83406E}.Release|Any CPU.Build.0 = Release|Any CPU
	EndGlobalSection
	GlobalSection(SolutionProperties) = preSolution
		HideSolutionNode = FALSE
	EndGlobalSection
	GlobalSection(ExtensibilityGlobals) = postSolution
		SolutionGuid = {527B7F85-AF9C-449F-8DA9-F38C5A3799EA}
	EndGlobalSection
EndGlobal
